
Microsoft Visual Studio Solution File, Format Version 12.00
# Visual Studio Version 16
VisualStudioVersion = 16.0.30114.105
MinimumVisualStudioVersion = 10.0.40219.1
Project("{9A19103F-16F7-4668-BE54-9A1E7A4F7556}") = "Mvvm.Blazor", "Mvvm.Blazor\Mvvm.Blazor.csproj", "{33ED228A-4BD6-4100-B819-75C1D249032C}"
EndProject
Project("{9A19103F-16F7-4668-BE54-9A1E7A4F7556}") = "Mvvm.Business", "Mvvm.Business\Mvvm.Business.csproj", "{DC41770A-134A-4107-8848-E198AF2B0F17}"
EndProject
Project("{FAE04EC0-301F-11D3-BF4B-00C04F79EFBC}") = "Mvvm.Xamarin.UWP", "Mvvm.Xamarin\Mvvm.Xamarin.UWP\Mvvm.Xamarin.UWP.csproj", "{59E35752-D346-4062-9F22-CB14A9B717E7}"
EndProject
Project("{FAE04EC0-301F-11D3-BF4B-00C04F79EFBC}") = "Mvvm.Xamarin.Android", "Mvvm.Xamarin\Mvvm.Xamarin.Android\Mvvm.Xamarin.Android.csproj", "{084DF09A-8211-42F5-9753-24757C8A1EFE}"
EndProject
Project("{FAE04EC0-301F-11D3-BF4B-00C04F79EFBC}") = "Mvvm.Xamarin.iOS", "Mvvm.Xamarin\Mvvm.Xamarin.iOS\Mvvm.Xamarin.iOS.csproj", "{0CFA1FD0-481A-48EB-B177-7CB7CF2DA5AA}"
EndProject
Project("{FAE04EC0-301F-11D3-BF4B-00C04F79EFBC}") = "Mvvm.Xamarin", "Mvvm.Xamarin\Mvvm.Xamarin\Mvvm.Xamarin.csproj", "{14772FB0-0744-4B4D-8624-84029479E1F5}"
EndProject
Global
	GlobalSection(SolutionConfigurationPlatforms) = preSolution
		Debug|Any CPU = Debug|Any CPU
		Debug|ARM = Debug|ARM
		Debug|iPhone = Debug|iPhone
		Debug|iPhoneSimulator = Debug|iPhoneSimulator
		Debug|x64 = Debug|x64
		Debug|x86 = Debug|x86
		Release|Any CPU = Release|Any CPU
		Release|ARM = Release|ARM
		Release|iPhone = Release|iPhone
		Release|iPhoneSimulator = Release|iPhoneSimulator
		Release|x64 = Release|x64
		Release|x86 = Release|x86
	EndGlobalSection
	GlobalSection(ProjectConfigurationPlatforms) = postSolution
		{33ED228A-4BD6-4100-B819-75C1D249032C}.Debug|Any CPU.ActiveCfg = Debug|Any CPU
		{33ED228A-4BD6-4100-B819-75C1D249032C}.Debug|Any CPU.Build.0 = Debug|Any CPU
		{33ED228A-4BD6-4100-B819-75C1D249032C}.Debug|ARM.ActiveCfg = Debug|Any CPU
		{33ED228A-4BD6-4100-B819-75C1D249032C}.Debug|ARM.Build.0 = Debug|Any CPU
		{33ED228A-4BD6-4100-B819-75C1D249032C}.Debug|iPhone.ActiveCfg = Debug|Any CPU
		{33ED228A-4BD6-4100-B819-75C1D249032C}.Debug|iPhone.Build.0 = Debug|Any CPU
		{33ED228A-4BD6-4100-B819-75C1D249032C}.Debug|iPhoneSimulator.ActiveCfg = Debug|Any CPU
		{33ED228A-4BD6-4100-B819-75C1D249032C}.Debug|iPhoneSimulator.Build.0 = Debug|Any CPU
		{33ED228A-4BD6-4100-B819-75C1D249032C}.Debug|x64.ActiveCfg = Debug|Any CPU
		{33ED228A-4BD6-4100-B819-75C1D249032C}.Debug|x64.Build.0 = Debug|Any CPU
		{33ED228A-4BD6-4100-B819-75C1D249032C}.Debug|x86.ActiveCfg = Debug|Any CPU
		{33ED228A-4BD6-4100-B819-75C1D249032C}.Debug|x86.Build.0 = Debug|Any CPU
		{33ED228A-4BD6-4100-B819-75C1D249032C}.Release|Any CPU.ActiveCfg = Release|Any CPU
		{33ED228A-4BD6-4100-B819-75C1D249032C}.Release|Any CPU.Build.0 = Release|Any CPU
		{33ED228A-4BD6-4100-B819-75C1D249032C}.Release|ARM.ActiveCfg = Release|Any CPU
		{33ED228A-4BD6-4100-B819-75C1D249032C}.Release|ARM.Build.0 = Release|Any CPU
		{33ED228A-4BD6-4100-B819-75C1D249032C}.Release|iPhone.ActiveCfg = Release|Any CPU
		{33ED228A-4BD6-4100-B819-75C1D249032C}.Release|iPhone.Build.0 = Release|Any CPU
		{33ED228A-4BD6-4100-B819-75C1D249032C}.Release|iPhoneSimulator.ActiveCfg = Release|Any CPU
		{33ED228A-4BD6-4100-B819-75C1D249032C}.Release|iPhoneSimulator.Build.0 = Release|Any CPU
		{33ED228A-4BD6-4100-B819-75C1D249032C}.Release|x64.ActiveCfg = Release|Any CPU
		{33ED228A-4BD6-4100-B819-75C1D249032C}.Release|x64.Build.0 = Release|Any CPU
		{33ED228A-4BD6-4100-B819-75C1D249032C}.Release|x86.ActiveCfg = Release|Any CPU
		{33ED228A-4BD6-4100-B819-75C1D249032C}.Release|x86.Build.0 = Release|Any CPU
		{DC41770A-134A-4107-8848-E198AF2B0F17}.Debug|Any CPU.ActiveCfg = Debug|Any CPU
		{DC41770A-134A-4107-8848-E198AF2B0F17}.Debug|Any CPU.Build.0 = Debug|Any CPU
		{DC41770A-134A-4107-8848-E198AF2B0F17}.Debug|ARM.ActiveCfg = Debug|Any CPU
		{DC41770A-134A-4107-8848-E198AF2B0F17}.Debug|ARM.Build.0 = Debug|Any CPU
		{DC41770A-134A-4107-8848-E198AF2B0F17}.Debug|iPhone.ActiveCfg = Debug|Any CPU
		{DC41770A-134A-4107-8848-E198AF2B0F17}.Debug|iPhone.Build.0 = Debug|Any CPU
		{DC41770A-134A-4107-8848-E198AF2B0F17}.Debug|iPhoneSimulator.ActiveCfg = Debug|Any CPU
		{DC41770A-134A-4107-8848-E198AF2B0F17}.Debug|iPhoneSimulator.Build.0 = Debug|Any CPU
		{DC41770A-134A-4107-8848-E198AF2B0F17}.Debug|x64.ActiveCfg = Debug|Any CPU
		{DC41770A-134A-4107-8848-E198AF2B0F17}.Debug|x64.Build.0 = Debug|Any CPU
		{DC41770A-134A-4107-8848-E198AF2B0F17}.Debug|x86.ActiveCfg = Debug|Any CPU
		{DC41770A-134A-4107-8848-E198AF2B0F17}.Debug|x86.Build.0 = Debug|Any CPU
		{DC41770A-134A-4107-8848-E198AF2B0F17}.Release|Any CPU.ActiveCfg = Release|Any CPU
		{DC41770A-134A-4107-8848-E198AF2B0F17}.Release|Any CPU.Build.0 = Release|Any CPU
		{DC41770A-134A-4107-8848-E198AF2B0F17}.Release|ARM.ActiveCfg = Release|Any CPU
		{DC41770A-134A-4107-8848-E198AF2B0F17}.Release|ARM.Build.0 = Release|Any CPU
		{DC41770A-134A-4107-8848-E198AF2B0F17}.Release|iPhone.ActiveCfg = Release|Any CPU
		{DC41770A-134A-4107-8848-E198AF2B0F17}.Release|iPhone.Build.0 = Release|Any CPU
		{DC41770A-134A-4107-8848-E198AF2B0F17}.Release|iPhoneSimulator.ActiveCfg = Release|Any CPU
		{DC41770A-134A-4107-8848-E198AF2B0F17}.Release|iPhoneSimulator.Build.0 = Release|Any CPU
		{DC41770A-134A-4107-8848-E198AF2B0F17}.Release|x64.ActiveCfg = Release|Any CPU
		{DC41770A-134A-4107-8848-E198AF2B0F17}.Release|x64.Build.0 = Release|Any CPU
		{DC41770A-134A-4107-8848-E198AF2B0F17}.Release|x86.ActiveCfg = Release|Any CPU
		{DC41770A-134A-4107-8848-E198AF2B0F17}.Release|x86.Build.0 = Release|Any CPU
		{59E35752-D346-4062-9F22-CB14A9B717E7}.Debug|ARM.ActiveCfg = Debug|ARM
		{59E35752-D346-4062-9F22-CB14A9B717E7}.Debug|ARM.Build.0 = Debug|ARM
		{59E35752-D346-4062-9F22-CB14A9B717E7}.Debug|ARM.Deploy.0 = Debug|ARM
		{59E35752-D346-4062-9F22-CB14A9B717E7}.Debug|iPhone.ActiveCfg = Debug|x86
		{59E35752-D346-4062-9F22-CB14A9B717E7}.Debug|iPhoneSimulator.ActiveCfg = Debug|x86
		{59E35752-D346-4062-9F22-CB14A9B717E7}.Debug|x64.ActiveCfg = Debug|x64
		{59E35752-D346-4062-9F22-CB14A9B717E7}.Debug|x64.Build.0 = Debug|x64
		{59E35752-D346-4062-9F22-CB14A9B717E7}.Debug|x64.Deploy.0 = Debug|x64
		{59E35752-D346-4062-9F22-CB14A9B717E7}.Debug|x86.ActiveCfg = Debug|x86
		{59E35752-D346-4062-9F22-CB14A9B717E7}.Debug|x86.Build.0 = Debug|x86
		{59E35752-D346-4062-9F22-CB14A9B717E7}.Debug|x86.Deploy.0 = Debug|x86
		{59E35752-D346-4062-9F22-CB14A9B717E7}.Release|Any CPU.ActiveCfg = Release|x86
		{59E35752-D346-4062-9F22-CB14A9B717E7}.Release|ARM.ActiveCfg = Release|ARM
		{59E35752-D346-4062-9F22-CB14A9B717E7}.Release|ARM.Build.0 = Release|ARM
		{59E35752-D346-4062-9F22-CB14A9B717E7}.Release|ARM.Deploy.0 = Release|ARM
		{59E35752-D346-4062-9F22-CB14A9B717E7}.Release|iPhone.ActiveCfg = Release|x86
		{59E35752-D346-4062-9F22-CB14A9B717E7}.Release|iPhoneSimulator.ActiveCfg = Release|x86
		{59E35752-D346-4062-9F22-CB14A9B717E7}.Release|x64.ActiveCfg = Release|x64
		{59E35752-D346-4062-9F22-CB14A9B717E7}.Release|x64.Build.0 = Release|x64
		{59E35752-D346-4062-9F22-CB14A9B717E7}.Release|x64.Deploy.0 = Release|x64
		{59E35752-D346-4062-9F22-CB14A9B717E7}.Release|x86.ActiveCfg = Release|x86
		{59E35752-D346-4062-9F22-CB14A9B717E7}.Release|x86.Build.0 = Release|x86
		{59E35752-D346-4062-9F22-CB14A9B717E7}.Release|x86.Deploy.0 = Release|x86
		{59E35752-D346-4062-9F22-CB14A9B717E7}.Debug|Any CPU.ActiveCfg = Debug|x64
		{59E35752-D346-4062-9F22-CB14A9B717E7}.Debug|Any CPU.Build.0 = Debug|x64
		{59E35752-D346-4062-9F22-CB14A9B717E7}.Debug|Any CPU.Deploy.0 = Debug|x64
		{084DF09A-8211-42F5-9753-24757C8A1EFE}.Debug|Any CPU.ActiveCfg = Debug|Any CPU
		{084DF09A-8211-42F5-9753-24757C8A1EFE}.Debug|Any CPU.Build.0 = Debug|Any CPU
		{084DF09A-8211-42F5-9753-24757C8A1EFE}.Debug|Any CPU.Deploy.0 = Debug|Any CPU
		{084DF09A-8211-42F5-9753-24757C8A1EFE}.Debug|ARM.ActiveCfg = Debug|Any CPU
		{084DF09A-8211-42F5-9753-24757C8A1EFE}.Debug|ARM.Build.0 = Debug|Any CPU
		{084DF09A-8211-42F5-9753-24757C8A1EFE}.Debug|ARM.Deploy.0 = Debug|Any CPU
		{084DF09A-8211-42F5-9753-24757C8A1EFE}.Debug|iPhone.ActiveCfg = Debug|Any CPU
		{084DF09A-8211-42F5-9753-24757C8A1EFE}.Debug|iPhone.Build.0 = Debug|Any CPU
		{084DF09A-8211-42F5-9753-24757C8A1EFE}.Debug|iPhone.Deploy.0 = Debug|Any CPU
		{084DF09A-8211-42F5-9753-24757C8A1EFE}.Debug|iPhoneSimulator.ActiveCfg = Debug|Any CPU
		{084DF09A-8211-42F5-9753-24757C8A1EFE}.Debug|iPhoneSimulator.Build.0 = Debug|Any CPU
		{084DF09A-8211-42F5-9753-24757C8A1EFE}.Debug|iPhoneSimulator.Deploy.0 = Debug|Any CPU
		{084DF09A-8211-42F5-9753-24757C8A1EFE}.Debug|x64.ActiveCfg = Debug|Any CPU
		{084DF09A-8211-42F5-9753-24757C8A1EFE}.Debug|x64.Build.0 = Debug|Any CPU
		{084DF09A-8211-42F5-9753-24757C8A1EFE}.Debug|x64.Deploy.0 = Debug|Any CPU
		{084DF09A-8211-42F5-9753-24757C8A1EFE}.Debug|x86.ActiveCfg = Debug|Any CPU
		{084DF09A-8211-42F5-9753-24757C8A1EFE}.Debug|x86.Build.0 = Debug|Any CPU
		{084DF09A-8211-42F5-9753-24757C8A1EFE}.Debug|x86.Deploy.0 = Debug|Any CPU
		{084DF09A-8211-42F5-9753-24757C8A1EFE}.Release|Any CPU.ActiveCfg = Release|Any CPU
		{084DF09A-8211-42F5-9753-24757C8A1EFE}.Release|Any CPU.Build.0 = Release|Any CPU
		{084DF09A-8211-42F5-9753-24757C8A1EFE}.Release|Any CPU.Deploy.0 = Release|Any CPU
		{084DF09A-8211-42F5-9753-24757C8A1EFE}.Release|ARM.ActiveCfg = Release|Any CPU
		{084DF09A-8211-42F5-9753-24757C8A1EFE}.Release|ARM.Build.0 = Release|Any CPU
		{084DF09A-8211-42F5-9753-24757C8A1EFE}.Release|ARM.Deploy.0 = Release|Any CPU
		{084DF09A-8211-42F5-9753-24757C8A1EFE}.Release|iPhone.ActiveCfg = Release|Any CPU
		{084DF09A-8211-42F5-9753-24757C8A1EFE}.Release|iPhone.Build.0 = Release|Any CPU
		{084DF09A-8211-42F5-9753-24757C8A1EFE}.Release|iPhone.Deploy.0 = Release|Any CPU
		{084DF09A-8211-42F5-9753-24757C8A1EFE}.Release|iPhoneSimulator.ActiveCfg = Release|Any CPU
		{084DF09A-8211-42F5-9753-24757C8A1EFE}.Release|iPhoneSimulator.Build.0 = Release|Any CPU
		{084DF09A-8211-42F5-9753-24757C8A1EFE}.Release|iPhoneSimulator.Deploy.0 = Release|Any CPU
		{084DF09A-8211-42F5-9753-24757C8A1EFE}.Release|x64.ActiveCfg = Release|Any CPU
		{084DF09A-8211-42F5-9753-24757C8A1EFE}.Release|x64.Build.0 = Release|Any CPU
		{084DF09A-8211-42F5-9753-24757C8A1EFE}.Release|x64.Deploy.0 = Release|Any CPU
		{084DF09A-8211-42F5-9753-24757C8A1EFE}.Release|x86.ActiveCfg = Release|Any CPU
		{084DF09A-8211-42F5-9753-24757C8A1EFE}.Release|x86.Build.0 = Release|Any CPU
		{084DF09A-8211-42F5-9753-24757C8A1EFE}.Release|x86.Deploy.0 = Release|Any CPU
		{0CFA1FD0-481A-48EB-B177-7CB7CF2DA5AA}.Debug|Any CPU.ActiveCfg = Debug|iPhone
		{0CFA1FD0-481A-48EB-B177-7CB7CF2DA5AA}.Debug|ARM.ActiveCfg = Debug|iPhone
		{0CFA1FD0-481A-48EB-B177-7CB7CF2DA5AA}.Debug|iPhone.ActiveCfg = Debug|iPhone
		{0CFA1FD0-481A-48EB-B177-7CB7CF2DA5AA}.Debug|iPhone.Build.0 = Debug|iPhone
		{0CFA1FD0-481A-48EB-B177-7CB7CF2DA5AA}.Debug|iPhoneSimulator.ActiveCfg = Debug|iPhoneSimulator
		{0CFA1FD0-481A-48EB-B177-7CB7CF2DA5AA}.Debug|iPhoneSimulator.Build.0 = Debug|iPhoneSimulator
		{0CFA1FD0-481A-48EB-B177-7CB7CF2DA5AA}.Debug|x64.ActiveCfg = Debug|iPhone
		{0CFA1FD0-481A-48EB-B177-7CB7CF2DA5AA}.Debug|x86.ActiveCfg = Debug|iPhone
		{0CFA1FD0-481A-48EB-B177-7CB7CF2DA5AA}.Release|Any CPU.ActiveCfg = Release|iPhone
		{0CFA1FD0-481A-48EB-B177-7CB7CF2DA5AA}.Release|ARM.ActiveCfg = Release|iPhone
		{0CFA1FD0-481A-48EB-B177-7CB7CF2DA5AA}.Release|iPhone.ActiveCfg = Release|iPhone
		{0CFA1FD0-481A-48EB-B177-7CB7CF2DA5AA}.Release|iPhone.Build.0 = Release|iPhone
		{0CFA1FD0-481A-48EB-B177-7CB7CF2DA5AA}.Release|iPhoneSimulator.ActiveCfg = Release|iPhoneSimulator
		{0CFA1FD0-481A-48EB-B177-7CB7CF2DA5AA}.Release|iPhoneSimulator.Build.0 = Release|iPhoneSimulator
		{0CFA1FD0-481A-48EB-B177-7CB7CF2DA5AA}.Release|x64.ActiveCfg = Release|iPhone
		{0CFA1FD0-481A-48EB-B177-7CB7CF2DA5AA}.Release|x86.ActiveCfg = Release|iPhone
		{14772FB0-0744-4B4D-8624-84029479E1F5}.Debug|Any CPU.ActiveCfg = Debug|Any CPU
		{14772FB0-0744-4B4D-8624-84029479E1F5}.Debug|Any CPU.Build.0 = Debug|Any CPU
		{14772FB0-0744-4B4D-8624-84029479E1F5}.Debug|ARM.ActiveCfg = Debug|Any CPU
		{14772FB0-0744-4B4D-8624-84029479E1F5}.Debug|ARM.Build.0 = Debug|Any CPU
		{14772FB0-0744-4B4D-8624-84029479E1F5}.Debug|iPhone.ActiveCfg = Debug|Any CPU
		{14772FB0-0744-4B4D-8624-84029479E1F5}.Debug|iPhone.Build.0 = Debug|Any CPU
		{14772FB0-0744-4B4D-8624-84029479E1F5}.Debug|iPhoneSimulator.ActiveCfg = Debug|Any CPU
		{14772FB0-0744-4B4D-8624-84029479E1F5}.Debug|iPhoneSimulator.Build.0 = Debug|Any CPU
		{14772FB0-0744-4B4D-8624-84029479E1F5}.Debug|x64.ActiveCfg = Debug|Any CPU
		{14772FB0-0744-4B4D-8624-84029479E1F5}.Debug|x64.Build.0 = Debug|Any CPU
		{14772FB0-0744-4B4D-8624-84029479E1F5}.Debug|x86.ActiveCfg = Debug|Any CPU
		{14772FB0-0744-4B4D-8624-84029479E1F5}.Debug|x86.Build.0 = Debug|Any CPU
		{14772FB0-0744-4B4D-8624-84029479E1F5}.Release|Any CPU.ActiveCfg = Release|Any CPU
		{14772FB0-0744-4B4D-8624-84029479E1F5}.Release|Any CPU.Build.0 = Release|Any CPU
		{14772FB0-0744-4B4D-8624-84029479E1F5}.Release|ARM.ActiveCfg = Release|Any CPU
		{14772FB0-0744-4B4D-8624-84029479E1F5}.Release|ARM.Build.0 = Release|Any CPU
		{14772FB0-0744-4B4D-8624-84029479E1F5}.Release|iPhone.ActiveCfg = Release|Any CPU
		{14772FB0-0744-4B4D-8624-84029479E1F5}.Release|iPhone.Build.0 = Release|Any CPU
		{14772FB0-0744-4B4D-8624-84029479E1F5}.Release|iPhoneSimulator.ActiveCfg = Release|Any CPU
		{14772FB0-0744-4B4D-8624-84029479E1F5}.Release|iPhoneSimulator.Build.0 = Release|Any CPU
		{14772FB0-0744-4B4D-8624-84029479E1F5}.Release|x64.ActiveCfg = Release|Any CPU
		{14772FB0-0744-4B4D-8624-84029479E1F5}.Release|x64.Build.0 = Release|Any CPU
		{14772FB0-0744-4B4D-8624-84029479E1F5}.Release|x86.ActiveCfg = Release|Any CPU
		{14772FB0-0744-4B4D-8624-84029479E1F5}.Release|x86.Build.0 = Release|Any CPU
	EndGlobalSection
	GlobalSection(SolutionProperties) = preSolution
		HideSolutionNode = FALSE
	EndGlobalSection
	GlobalSection(ExtensibilityGlobals) = postSolution
		SolutionGuid = {78C4D1D0-EFA5-48C9-9B88-0ADF02A6B19C}
	EndGlobalSection
EndGlobal
